
Microsoft Visual Studio Solution File, Format Version 12.00
# Visual Studio Version 17
VisualStudioVersion = 17.0.32112.339
MinimumVisualStudioVersion = 10.0.40219.1
Project("{FAE04EC0-301F-11D3-BF4B-00C04F79EFBC}") = "WebQLCuaHangThucPham", "WebQLCuaHangThucPham\WebQLCuaHangThucPham.csproj", "{09B02D05-9802-4A87-9D3E-186EC4E012C9}"
EndProject
Global
	GlobalSection(SolutionConfigurationPlatforms) = preSolution
		Debug|Any CPU = Debug|Any CPU
		Release|Any CPU = Release|Any CPU
	EndGlobalSection
	GlobalSection(ProjectConfigurationPlatforms) = postSolution
		{09B02D05-9802-4A87-9D3E-186EC4E012C9}.Debug|Any CPU.ActiveCfg = Debug|Any CPU
		{09B02D05-9802-4A87-9D3E-186EC4E012C9}.Debug|Any CPU.Build.0 = Debug|Any CPU
		{09B02D05-9802-4A87-9D3E-186EC4E012C9}.Release|Any CPU.ActiveCfg = Release|Any CPU
		{09B02D05-9802-4A87-9D3E-186EC4E012C9}.Release|Any CPU.Build.0 = Release|Any CPU
	EndGlobalSection
	GlobalSection(SolutionProperties) = preSolution
		HideSolutionNode = FALSE
	EndGlobalSection
	GlobalSection(ExtensibilityGlobals) = postSolution
		SolutionGuid = {4A085B2A-27D0-43CD-B0E8-99353230AA40}
	EndGlobalSection
EndGlobal
